# This file was autogenerated by Stack.
# You should not edit this file by hand.
# For more information, please see the documentation at:
#   https://docs.haskellstack.org/en/stable/lock_files

packages:
- completed:
    hackage: hakyll-images-1.2.2@sha256:0a6bc980a1b006846c4296f7f53b2925f9ce37b29ec8f20d701faa5c70ff9480,2358
    pantry-tree:
      sha256: c5a437b247817557ae40b764e6ac24312dc6f056ecd84ebb5fdcb9a585c71ecb
      size: 1189
  original:
    hackage: hakyll-images-1.2.2
snapshots:
- completed:
    sha256: 098936027eaa1ef14e2b8eb39d9933a973894bb70a68684a1bbf00730249879b
    size: 720001
    url: https://raw.githubusercontent.com/commercialhaskell/stackage-snapshots/master/lts/22/33.yaml
  original:
    url: https://raw.githubusercontent.com/commercialhaskell/stackage-snapshots/master/lts/22/33.yaml
